{
  "version": "5",
  "specifiers": {
    "jsr:@cliffy/ansi@1.0.0-rc.8": "1.0.0-rc.8",
    "jsr:@cliffy/command@^1.0.0-rc.7": "1.0.0-rc.8",
    "jsr:@cliffy/flags@1.0.0-rc.8": "1.0.0-rc.8",
    "jsr:@cliffy/internal@1.0.0-rc.8": "1.0.0-rc.8",
    "jsr:@cliffy/keycode@1.0.0-rc.8": "1.0.0-rc.8",
    "jsr:@cliffy/prompt@^1.0.0-rc.7": "1.0.0-rc.8",
    "jsr:@cliffy/table@1.0.0-rc.8": "1.0.0-rc.8",
    "jsr:@oak/commons@1": "1.0.1",
    "jsr:@oak/oak@*": "17.1.5",
    "jsr:@std/assert@1": "1.0.13",
    "jsr:@std/assert@~1.0.6": "1.0.13",
    "jsr:@std/bytes@1": "1.0.6",
    "jsr:@std/bytes@^1.0.6": "1.0.6",
    "jsr:@std/cli@^1.0.20": "1.0.20",
    "jsr:@std/crypto@1": "1.0.5",
    "jsr:@std/encoding@1": "1.0.10",
    "jsr:@std/encoding@^1.0.10": "1.0.10",
    "jsr:@std/encoding@~1.0.5": "1.0.10",
    "jsr:@std/fmt@~1.0.2": "1.0.8",
    "jsr:@std/http@1": "1.0.19",
    "jsr:@std/internal@^1.0.6": "1.0.9",
    "jsr:@std/io@~0.224.9": "0.224.9",
    "jsr:@std/media-types@1": "1.1.0",
    "jsr:@std/path@1": "1.0.9",
    "jsr:@std/path@~1.0.6": "1.0.9",
    "jsr:@std/streams@^1.0.9": "1.0.10",
    "jsr:@std/text@~1.0.7": "1.0.15",
    "npm:@coremarine/nmea-parser@^2.1.3": "2.1.3_valibot@1.1.0",
    "npm:@types/node@*": "22.15.15",
    "npm:@types/react@19": "19.1.8",
    "npm:dayjs@^1.11.13": "1.11.13",
    "npm:gps@~0.7.4": "0.7.4",
    "npm:ink@^6.0.1": "6.0.1_react@19.1.0",
    "npm:nanoevents@^9.1.0": "9.1.0",
    "npm:node-gyp-build@4.8.4": "4.8.4",
    "npm:path-to-regexp@^6.3.0": "6.3.0",
    "npm:react@*": "19.1.0",
    "npm:react@^19.1.0": "19.1.0",
    "npm:redis@^5.6.1": "5.6.1_@redis+client@5.6.1",
    "npm:serialport@13": "13.0.0"
  },
  "jsr": {
    "@cliffy/ansi@1.0.0-rc.8": {
      "integrity": "ba37f10ce55bbfbdd8ddd987f91f029b17bce88385b98ba3058870f3b007b80c",
      "dependencies": [
        "jsr:@cliffy/internal",
        "jsr:@std/encoding@~1.0.5",
        "jsr:@std/io"
      ]
    },
    "@cliffy/command@1.0.0-rc.8": {
      "integrity": "758147790797c74a707e5294cc7285df665422a13d2a483437092ffce40b5557",
      "dependencies": [
        "jsr:@cliffy/flags",
        "jsr:@cliffy/internal",
        "jsr:@cliffy/table",
        "jsr:@std/fmt",
        "jsr:@std/text"
      ]
    },
    "@cliffy/flags@1.0.0-rc.8": {
      "integrity": "0f1043ce6ef037ba1cb5fe6b1bcecb25dc2f29371a1c17f278ab0f45e4b6f46c",
      "dependencies": [
        "jsr:@std/text"
      ]
    },
    "@cliffy/internal@1.0.0-rc.8": {
      "integrity": "34cdf2fad9b084b5aed493b138d573f52d4e988767215f7460daf0b918ff43d8"
    },
    "@cliffy/keycode@1.0.0-rc.8": {
      "integrity": "76dbf85a67ec0aea2e29ca049b8507b6b3f62a2a971bd744d8d3fc447c177cd9"
    },
    "@cliffy/prompt@1.0.0-rc.8": {
      "integrity": "eba403ea1d47b9971bf2210fa35f4dc7ebd2aba87beec9540ae47552806e2f25",
      "dependencies": [
        "jsr:@cliffy/ansi",
        "jsr:@cliffy/internal",
        "jsr:@cliffy/keycode",
        "jsr:@std/assert@~1.0.6",
        "jsr:@std/fmt",
        "jsr:@std/io",
        "jsr:@std/path@~1.0.6",
        "jsr:@std/text"
      ]
    },
    "@cliffy/table@1.0.0-rc.8": {
      "integrity": "8bbcdc2ba5e0061b4b13810a24e6f5c6ab19c09f0cce9eb691ccd76c7c6c9db5",
      "dependencies": [
        "jsr:@std/fmt"
      ]
    },
    "@oak/commons@1.0.1": {
      "integrity": "889ff210f0b4292591721be07244ecb1b5c118742f5273c70cf30d7cd4184d0c",
      "dependencies": [
        "jsr:@std/assert@1",
        "jsr:@std/bytes@1",
        "jsr:@std/crypto",
        "jsr:@std/encoding@1",
        "jsr:@std/http",
        "jsr:@std/media-types"
      ]
    },
    "@oak/oak@17.1.5": {
      "integrity": "676263340dcfd069fb422b4274b4f75f7048a68e605dece6a2897ccfe669e7cc",
      "dependencies": [
        "jsr:@oak/commons",
        "jsr:@std/assert@1",
        "jsr:@std/bytes@1",
        "jsr:@std/http",
        "jsr:@std/media-types",
        "jsr:@std/path@1",
        "npm:path-to-regexp"
      ]
    },
    "@std/assert@1.0.13": {
      "integrity": "ae0d31e41919b12c656c742b22522c32fb26ed0cba32975cb0de2a273cb68b29",
      "dependencies": [
        "jsr:@std/internal"
      ]
    },
    "@std/bytes@1.0.6": {
      "integrity": "f6ac6adbd8ccd99314045f5703e23af0a68d7f7e58364b47d2c7f408aeb5820a"
    },
    "@std/cli@1.0.20": {
      "integrity": "a8c384a2c98cec6ec6a2055c273a916e2772485eb784af0db004c5ab8ba52333"
    },
    "@std/crypto@1.0.5": {
      "integrity": "0dcfbb319fe0bba1bd3af904ceb4f948cde1b92979ec1614528380ed308a3b40"
    },
    "@std/encoding@1.0.10": {
      "integrity": "8783c6384a2d13abd5e9e87a7ae0520a30e9f56aeeaa3bdf910a3eaaf5c811a1"
    },
    "@std/fmt@1.0.8": {
      "integrity": "71e1fc498787e4434d213647a6e43e794af4fd393ef8f52062246e06f7e372b7"
    },
    "@std/http@1.0.19": {
      "integrity": "52128c8d00a1f0b20019f8b72376e7ef5f3133375b6f805b5bc89b9de2ad4686",
      "dependencies": [
        "jsr:@std/encoding@^1.0.10"
      ]
    },
    "@std/internal@1.0.9": {
      "integrity": "bdfb97f83e4db7a13e8faab26fb1958d1b80cc64366501af78a0aee151696eb8"
    },
    "@std/io@0.224.9": {
      "integrity": "4414664b6926f665102e73c969cfda06d2c4c59bd5d0c603fd4f1b1c840d6ee3"
    },
    "@std/media-types@1.1.0": {
      "integrity": "c9d093f0c05c3512932b330e3cc1fe1d627b301db33a4c2c2185c02471d6eaa4"
    },
    "@std/path@1.0.9": {
      "integrity": "260a49f11edd3db93dd38350bf9cd1b4d1366afa98e81b86167b4e3dd750129e"
    },
    "@std/streams@1.0.10": {
      "integrity": "75c0b1431873cd0d8b3d679015220204d36d3c7420d93b60acfc379eb0dc30af",
      "dependencies": [
        "jsr:@std/bytes@^1.0.6"
      ]
    },
    "@std/text@1.0.15": {
      "integrity": "91f5cc1e12779a3d95f1be34e763f9c28a75a078b7360e6fcaef0d8d9b1e3e7f"
    }
  },
  "npm": {
    "@alcalzone/ansi-tokenize@0.1.3": {
      "integrity": "sha512-3yWxPTq3UQ/FY9p1ErPxIyfT64elWaMvM9lIHnaqpyft63tkxodF5aUElYHrdisWve5cETkh1+KBw1yJuW0aRw==",
      "dependencies": [
        "ansi-styles",
        "is-fullwidth-code-point@4.0.0"
      ]
    },
    "@coremarine/nmea-parser@2.1.3_valibot@1.1.0": {
      "integrity": "sha512-kAHPBD/LJDeZAVfuSSZ4cynpOwtoEGqyb/Jeyw3nfWxs2mG2egLx8N+XcfPHVBMy62oyTHqll4Oh66PI7wP3jQ==",
      "dependencies": [
        "@gcornut/valibot-json-schema",
        "@schemasjs/valibot-numbers",
        "@schemasjs/validator",
        "js-yaml",
        "valibot@1.1.0"
      ]
    },
    "@esbuild/aix-ppc64@0.25.8": {
      "integrity": "sha512-urAvrUedIqEiFR3FYSLTWQgLu5tb+m0qZw0NBEasUeo6wuqatkMDaRT+1uABiGXEu5vqgPd7FGE1BhsAIy9QVA==",
      "os": ["aix"],
      "cpu": ["ppc64"]
    },
    "@esbuild/android-arm64@0.25.8": {
      "integrity": "sha512-OD3p7LYzWpLhZEyATcTSJ67qB5D+20vbtr6vHlHWSQYhKtzUYrETuWThmzFpZtFsBIxRvhO07+UgVA9m0i/O1w==",
      "os": ["android"],
      "cpu": ["arm64"]
    },
    "@esbuild/android-arm@0.25.8": {
      "integrity": "sha512-RONsAvGCz5oWyePVnLdZY/HHwA++nxYWIX1atInlaW6SEkwq6XkP3+cb825EUcRs5Vss/lGh/2YxAb5xqc07Uw==",
      "os": ["android"],
      "cpu": ["arm"]
    },
    "@esbuild/android-x64@0.25.8": {
      "integrity": "sha512-yJAVPklM5+4+9dTeKwHOaA+LQkmrKFX96BM0A/2zQrbS6ENCmxc4OVoBs5dPkCCak2roAD+jKCdnmOqKszPkjA==",
      "os": ["android"],
      "cpu": ["x64"]
    },
    "@esbuild/darwin-arm64@0.25.8": {
      "integrity": "sha512-Jw0mxgIaYX6R8ODrdkLLPwBqHTtYHJSmzzd+QeytSugzQ0Vg4c5rDky5VgkoowbZQahCbsv1rT1KW72MPIkevw==",
      "os": ["darwin"],
      "cpu": ["arm64"]
    },
    "@esbuild/darwin-x64@0.25.8": {
      "integrity": "sha512-Vh2gLxxHnuoQ+GjPNvDSDRpoBCUzY4Pu0kBqMBDlK4fuWbKgGtmDIeEC081xi26PPjn+1tct+Bh8FjyLlw1Zlg==",
      "os": ["darwin"],
      "cpu": ["x64"]
    },
    "@esbuild/freebsd-arm64@0.25.8": {
      "integrity": "sha512-YPJ7hDQ9DnNe5vxOm6jaie9QsTwcKedPvizTVlqWG9GBSq+BuyWEDazlGaDTC5NGU4QJd666V0yqCBL2oWKPfA==",
      "os": ["freebsd"],
      "cpu": ["arm64"]
    },
    "@esbuild/freebsd-x64@0.25.8": {
      "integrity": "sha512-MmaEXxQRdXNFsRN/KcIimLnSJrk2r5H8v+WVafRWz5xdSVmWLoITZQXcgehI2ZE6gioE6HirAEToM/RvFBeuhw==",
      "os": ["freebsd"],
      "cpu": ["x64"]
    },
    "@esbuild/linux-arm64@0.25.8": {
      "integrity": "sha512-WIgg00ARWv/uYLU7lsuDK00d/hHSfES5BzdWAdAig1ioV5kaFNrtK8EqGcUBJhYqotlUByUKz5Qo6u8tt7iD/w==",
      "os": ["linux"],
      "cpu": ["arm64"]
    },
    "@esbuild/linux-arm@0.25.8": {
      "integrity": "sha512-FuzEP9BixzZohl1kLf76KEVOsxtIBFwCaLupVuk4eFVnOZfU+Wsn+x5Ryam7nILV2pkq2TqQM9EZPsOBuMC+kg==",
      "os": ["linux"],
      "cpu": ["arm"]
    },
    "@esbuild/linux-ia32@0.25.8": {
      "integrity": "sha512-A1D9YzRX1i+1AJZuFFUMP1E9fMaYY+GnSQil9Tlw05utlE86EKTUA7RjwHDkEitmLYiFsRd9HwKBPEftNdBfjg==",
      "os": ["linux"],
      "cpu": ["ia32"]
    },
    "@esbuild/linux-loong64@0.25.8": {
      "integrity": "sha512-O7k1J/dwHkY1RMVvglFHl1HzutGEFFZ3kNiDMSOyUrB7WcoHGf96Sh+64nTRT26l3GMbCW01Ekh/ThKM5iI7hQ==",
      "os": ["linux"],
      "cpu": ["loong64"]
    },
    "@esbuild/linux-mips64el@0.25.8": {
      "integrity": "sha512-uv+dqfRazte3BzfMp8PAQXmdGHQt2oC/y2ovwpTteqrMx2lwaksiFZ/bdkXJC19ttTvNXBuWH53zy/aTj1FgGw==",
      "os": ["linux"],
      "cpu": ["mips64el"]
    },
    "@esbuild/linux-ppc64@0.25.8": {
      "integrity": "sha512-GyG0KcMi1GBavP5JgAkkstMGyMholMDybAf8wF5A70CALlDM2p/f7YFE7H92eDeH/VBtFJA5MT4nRPDGg4JuzQ==",
      "os": ["linux"],
      "cpu": ["ppc64"]
    },
    "@esbuild/linux-riscv64@0.25.8": {
      "integrity": "sha512-rAqDYFv3yzMrq7GIcen3XP7TUEG/4LK86LUPMIz6RT8A6pRIDn0sDcvjudVZBiiTcZCY9y2SgYX2lgK3AF+1eg==",
      "os": ["linux"],
      "cpu": ["riscv64"]
    },
    "@esbuild/linux-s390x@0.25.8": {
      "integrity": "sha512-Xutvh6VjlbcHpsIIbwY8GVRbwoviWT19tFhgdA7DlenLGC/mbc3lBoVb7jxj9Z+eyGqvcnSyIltYUrkKzWqSvg==",
      "os": ["linux"],
      "cpu": ["s390x"]
    },
    "@esbuild/linux-x64@0.25.8": {
      "integrity": "sha512-ASFQhgY4ElXh3nDcOMTkQero4b1lgubskNlhIfJrsH5OKZXDpUAKBlNS0Kx81jwOBp+HCeZqmoJuihTv57/jvQ==",
      "os": ["linux"],
      "cpu": ["x64"]
    },
    "@esbuild/netbsd-arm64@0.25.8": {
      "integrity": "sha512-d1KfruIeohqAi6SA+gENMuObDbEjn22olAR7egqnkCD9DGBG0wsEARotkLgXDu6c4ncgWTZJtN5vcgxzWRMzcw==",
      "os": ["netbsd"],
      "cpu": ["arm64"]
    },
    "@esbuild/netbsd-x64@0.25.8": {
      "integrity": "sha512-nVDCkrvx2ua+XQNyfrujIG38+YGyuy2Ru9kKVNyh5jAys6n+l44tTtToqHjino2My8VAY6Lw9H7RI73XFi66Cg==",
      "os": ["netbsd"],
      "cpu": ["x64"]
    },
    "@esbuild/openbsd-arm64@0.25.8": {
      "integrity": "sha512-j8HgrDuSJFAujkivSMSfPQSAa5Fxbvk4rgNAS5i3K+r8s1X0p1uOO2Hl2xNsGFppOeHOLAVgYwDVlmxhq5h+SQ==",
      "os": ["openbsd"],
      "cpu": ["arm64"]
    },
    "@esbuild/openbsd-x64@0.25.8": {
      "integrity": "sha512-1h8MUAwa0VhNCDp6Af0HToI2TJFAn1uqT9Al6DJVzdIBAd21m/G0Yfc77KDM3uF3T/YaOgQq3qTJHPbTOInaIQ==",
      "os": ["openbsd"],
      "cpu": ["x64"]
    },
    "@esbuild/openharmony-arm64@0.25.8": {
      "integrity": "sha512-r2nVa5SIK9tSWd0kJd9HCffnDHKchTGikb//9c7HX+r+wHYCpQrSgxhlY6KWV1nFo1l4KFbsMlHk+L6fekLsUg==",
      "os": ["openharmony"],
      "cpu": ["arm64"]
    },
    "@esbuild/sunos-x64@0.25.8": {
      "integrity": "sha512-zUlaP2S12YhQ2UzUfcCuMDHQFJyKABkAjvO5YSndMiIkMimPmxA+BYSBikWgsRpvyxuRnow4nS5NPnf9fpv41w==",
      "os": ["sunos"],
      "cpu": ["x64"]
    },
    "@esbuild/win32-arm64@0.25.8": {
      "integrity": "sha512-YEGFFWESlPva8hGL+zvj2z/SaK+pH0SwOM0Nc/d+rVnW7GSTFlLBGzZkuSU9kFIGIo8q9X3ucpZhu8PDN5A2sQ==",
      "os": ["win32"],
      "cpu": ["arm64"]
    },
    "@esbuild/win32-ia32@0.25.8": {
      "integrity": "sha512-hiGgGC6KZ5LZz58OL/+qVVoZiuZlUYlYHNAmczOm7bs2oE1XriPFi5ZHHrS8ACpV5EjySrnoCKmcbQMN+ojnHg==",
      "os": ["win32"],
      "cpu": ["ia32"]
    },
    "@esbuild/win32-x64@0.25.8": {
      "integrity": "sha512-cn3Yr7+OaaZq1c+2pe+8yxC8E144SReCQjN6/2ynubzYjvyqZjTXfQJpAcQpsdJq3My7XADANiYGHoFC69pLQw==",
      "os": ["win32"],
      "cpu": ["x64"]
    },
    "@gcornut/valibot-json-schema@0.31.0_esbuild@0.25.8": {
      "integrity": "sha512-3xGptCurm23e7nuPQkdrE5rEs1FeTPHhAUsBuwwqG4/YeZLwJOoYZv+fmsppUEfo5y9lzUwNQrNqLS/q7HMc7g==",
      "dependencies": [
        "valibot@0.31.1"
      ],
      "optionalDependencies": [
        "@types/json-schema",
        "esbuild",
        "esbuild-runner"
      ],
      "bin": true
    },
    "@redis/bloom@5.6.1_@redis+client@5.6.1": {
      "integrity": "sha512-5/22U76IMEfn6TeZ+uvjXspHw+ykBF0kpBa8xouzeHaQMXs/auqBUOEYzU2VKYDvnd2RSpPTyIg82oB7PpUgLg==",
      "dependencies": [
        "@redis/client"
      ]
    },
    "@redis/client@5.6.1": {
      "integrity": "sha512-bWHmSFIJ5w1Y4aHsYs46XMDHKQsBHFRhNcllYaBxz2Zl+lu+gbm5yI9BqxvKh48bLTs/Wx1Kns0gN2WIasE8MA==",
      "dependencies": [
        "cluster-key-slot"
      ]
    },
    "@redis/json@5.6.1_@redis+client@5.6.1": {
      "integrity": "sha512-cTggVzPIVuiFeXcEcnTRiUzV7rmUvM9KUYxWiHyjsAVACTEUe4ifKkvzrij0H/z3ammU5tfGACffDB3olBwtVA==",
      "dependencies": [
        "@redis/client"
      ]
    },
    "@redis/search@5.6.1_@redis+client@5.6.1": {
      "integrity": "sha512-+eOjx8O2YoKygjqkLpTHqcAq0zKLjior+ee2tRBx/3RSf1+OHxiC9Y6NstshQpvB1XHqTw9n7+f0+MsRJZrp0g==",
      "dependencies": [
        "@redis/client"
      ]
    },
    "@redis/time-series@5.6.1_@redis+client@5.6.1": {
      "integrity": "sha512-sd3q4jMJdoSO2akw1L9NrdFI1JJ6zeMgMUoTh4a34p9sY3AnOI4aDLCecy8L2IcPAP1oNR3TbLFJiCJDQ35QTA==",
      "dependencies": [
        "@redis/client"
      ]
    },
    "@schemasjs/valibot-numbers@1.0.17_valibot@1.1.0": {
      "integrity": "sha512-5CM+R054sCv15RUKXaeyOHLoF6Oyw2CR7H1iCeB51sAzKQ108WqBCcC4KmCgZGnBIYQxuU4ml/Tdf7PTbZ7iVw==",
      "dependencies": [
        "valibot@1.1.0"
      ]
    },
    "@schemasjs/validator@1.0.2": {
      "integrity": "sha512-EExTLVYgC8v0vg09+a+8dnBV7Yl2B5gLKuabFcw5Nzpw4FQQWtaLjyXeE7ehALqX6jTl0Uui+eSVCj3ejKVfSQ==",
      "optionalDependencies": [
        "valibot@1.1.0",
        "zod"
      ]
    },
    "@serialport/binding-mock@10.2.2": {
      "integrity": "sha512-HAFzGhk9OuFMpuor7aT5G1ChPgn5qSsklTFOTUX72Rl6p0xwcSVsRtG/xaGp6bxpN7fI9D/S8THLBWbBgS6ldw==",
      "dependencies": [
        "@serialport/bindings-interface",
        "debug"
      ]
    },
    "@serialport/bindings-cpp@13.0.0": {
      "integrity": "sha512-r25o4Bk/vaO1LyUfY/ulR6hCg/aWiN6Wo2ljVlb4Pj5bqWGcSRC4Vse4a9AcapuAu/FeBzHCbKMvRQeCuKjzIQ==",
      "dependencies": [
        "@serialport/bindings-interface",
        "@serialport/parser-readline@12.0.0",
        "debug",
        "node-addon-api",
        "node-gyp-build"
      ],
      "scripts": true
    },
    "@serialport/bindings-interface@1.2.2": {
      "integrity": "sha512-CJaUd5bLvtM9c5dmO9rPBHPXTa9R2UwpkJ0wdh9JCYcbrPWsKz+ErvR0hBLeo7NPeiFdjFO4sonRljiw4d2XiA=="
    },
    "@serialport/parser-byte-length@13.0.0": {
      "integrity": "sha512-32yvqeTAqJzAEtX5zCrN1Mej56GJ5h/cVFsCDPbF9S1ZSC9FWjOqNAgtByseHfFTSTs/4ZBQZZcZBpolt8sUng=="
    },
    "@serialport/parser-cctalk@13.0.0": {
      "integrity": "sha512-RErAe57g9gvnlieVYGIn1xymb1bzNXb2QtUQd14FpmbQQYlcrmuRnJwKa1BgTCujoCkhtaTtgHlbBWOxm8U2uA=="
    },
    "@serialport/parser-delimiter@12.0.0": {
      "integrity": "sha512-gu26tVt5lQoybhorLTPsH2j2LnX3AOP2x/34+DUSTNaUTzu2fBXw+isVjQJpUBFWu6aeQRZw5bJol5X9Gxjblw=="
    },
    "@serialport/parser-delimiter@13.0.0": {
      "integrity": "sha512-Qqyb0FX1avs3XabQqNaZSivyVbl/yl0jywImp7ePvfZKLwx7jBZjvL+Hawt9wIG6tfq6zbFM24vzCCK7REMUig=="
    },
    "@serialport/parser-inter-byte-timeout@13.0.0": {
      "integrity": "sha512-a0w0WecTW7bD2YHWrpTz1uyiWA2fDNym0kjmPeNSwZ2XCP+JbirZt31l43m2ey6qXItTYVuQBthm75sPVeHnGA=="
    },
    "@serialport/parser-packet-length@13.0.0": {
      "integrity": "sha512-60ZDDIqYRi0Xs2SPZUo4Jr5LLIjtb+rvzPKMJCohrO6tAqSDponcNpcB1O4W21mKTxYjqInSz+eMrtk0LLfZIg=="
    },
    "@serialport/parser-readline@12.0.0": {
      "integrity": "sha512-O7cywCWC8PiOMvo/gglEBfAkLjp/SENEML46BXDykfKP5mTPM46XMaX1L0waWU6DXJpBgjaL7+yX6VriVPbN4w==",
      "dependencies": [
        "@serialport/parser-delimiter@12.0.0"
      ]
    },
    "@serialport/parser-readline@13.0.0": {
      "integrity": "sha512-dov3zYoyf0dt1Sudd1q42VVYQ4WlliF0MYvAMA3MOyiU1IeG4hl0J6buBA2w4gl3DOCC05tGgLDN/3yIL81gsA==",
      "dependencies": [
        "@serialport/parser-delimiter@13.0.0"
      ]
    },
    "@serialport/parser-ready@13.0.0": {
      "integrity": "sha512-JNUQA+y2Rfs4bU+cGYNqOPnNMAcayhhW+XJZihSLQXOHcZsFnOa2F9YtMg9VXRWIcnHldHYtisp62Etjlw24bw=="
    },
    "@serialport/parser-regex@13.0.0": {
      "integrity": "sha512-m7HpIf56G5XcuDdA3DB34Z0pJiwxNRakThEHjSa4mG05OnWYv0IG8l2oUyYfuGMowQWaVnQ+8r+brlPxGVH+eA=="
    },
    "@serialport/parser-slip-encoder@13.0.0": {
      "integrity": "sha512-fUHZEExm6izJ7rg0A1yjXwu4sOzeBkPAjDZPfb+XQoqgtKAk+s+HfICiYn7N2QU9gyaeCO8VKgWwi+b/DowYOg=="
    },
    "@serialport/parser-spacepacket@13.0.0": {
      "integrity": "sha512-DoXJ3mFYmyD8X/8931agJvrBPxqTaYDsPoly9/cwQSeh/q4EjQND9ySXBxpWz5WcpyCU4jOuusqCSAPsbB30Eg=="
    },
    "@serialport/stream@13.0.0": {
      "integrity": "sha512-F7xLJKsjGo2WuEWMSEO1SimRcOA+WtWICsY13r0ahx8s2SecPQH06338g28OT7cW7uRXI7oEQAk62qh5gHJW3g==",
      "dependencies": [
        "@serialport/bindings-interface",
        "debug"
      ]
    },
    "@types/json-schema@7.0.15": {
      "integrity": "sha512-5+fP8P8MFNC+AyZCDxrB2pkZFPGzqQWUzpSeuuVLvm8VMcorNYavBqoFcxK8bQz4Qsbn4oUEEem4wDLfcysGHA=="
    },
    "@types/node@22.15.15": {
      "integrity": "sha512-R5muMcZob3/Jjchn5LcO8jdKwSCbzqmPB6ruBxMcf9kbxtniZHP327s6C37iOfuw8mbKK3cAQa7sEl7afLrQ8A==",
      "dependencies": [
        "undici-types"
      ]
    },
    "@types/react@19.1.8": {
      "integrity": "sha512-AwAfQ2Wa5bCx9WP8nZL2uMZWod7J7/JSplxbTmBQ5ms6QpqNYm672H0Vu9ZVKVngQ+ii4R/byguVEUZQyeg44g==",
      "dependencies": [
        "csstype"
      ]
    },
    "ansi-escapes@7.0.0": {
      "integrity": "sha512-GdYO7a61mR0fOlAsvC9/rIHf7L96sBc6dEWzeOu+KAea5bZyQRPIpojrVoI4AXGJS/ycu/fBTdLrUkA4ODrvjw==",
      "dependencies": [
        "environment"
      ]
    },
    "ansi-regex@6.1.0": {
      "integrity": "sha512-7HSX4QQb4CspciLpVFwyRe79O3xsIZDDLER21kERQ71oaPodF8jL725AgJMFAYbooIqolJoRLuM81SpeUkpkvA=="
    },
    "ansi-styles@6.2.1": {
      "integrity": "sha512-bN798gFfQX+viw3R7yrGWRqnrN2oRkEkUjjl4JNn4E8GxxbjtG3FbrEIIY3l8/hrwUwIeCZvi4QuOTP4MErVug=="
    },
    "argparse@2.0.1": {
      "integrity": "sha512-8+9WqebbFzpX9OR+Wa6O29asIogeRMzcGtAINdpMHHyAg10f05aSFVBbcEqGf/PXw1EjAZ+q2/bEBg3DvurK3Q=="
    },
    "auto-bind@5.0.1": {
      "integrity": "sha512-ooviqdwwgfIfNmDwo94wlshcdzfO64XV0Cg6oDsDYBJfITDz1EngD2z7DkbvCWn+XIMsIqW27sEVF6qcpJrRcg=="
    },
    "buffer-from@1.1.2": {
      "integrity": "sha512-E+XQCRwSbaaiChtv6k6Dwgc+bx+Bs6vuKJHHl5kox/BaKbhiXzqQOwK4cO22yElGp2OCmjwVhT3HmxgyPGnJfQ=="
    },
    "chalk@5.4.1": {
      "integrity": "sha512-zgVZuo2WcZgfUEmsn6eO3kINexW8RAE4maiQ8QNs8CtpPCSyMiYsULR3HQYkm3w8FIA3SberyMJMSldGsW+U3w=="
    },
    "cli-boxes@3.0.0": {
      "integrity": "sha512-/lzGpEWL/8PfI0BmBOPRwp0c/wFNX1RdUML3jK/RcSBA9T8mZDdQpqYBKtCFTOfQbwPqWEOpjqW+Fnayc0969g=="
    },
    "cli-cursor@4.0.0": {
      "integrity": "sha512-VGtlMu3x/4DOtIUwEkRezxUZ2lBacNJCHash0N0WeZDBS+7Ux1dm3XWAgWYxLJFMMdOeXMHXorshEFhbMSGelg==",
      "dependencies": [
        "restore-cursor"
      ]
    },
    "cli-truncate@4.0.0": {
      "integrity": "sha512-nPdaFdQ0h/GEigbPClz11D0v/ZJEwxmeVZGeMo3Z5StPtUTkA9o1lD6QwoirYiSDzbcwn2XcjwmCp68W1IS4TA==",
      "dependencies": [
        "slice-ansi@5.0.0",
        "string-width"
      ]
    },
    "cluster-key-slot@1.1.2": {
      "integrity": "sha512-RMr0FhtfXemyinomL4hrWcYJxmX6deFdCxpJzhDttxgO1+bcCnkk+9drydLVDmAMG7NE6aN/fl4F7ucU/90gAA=="
    },
    "code-excerpt@4.0.0": {
      "integrity": "sha512-xxodCmBen3iy2i0WtAK8FlFNrRzjUqjRsMfho58xT/wvZU1YTM3fCnRjcy1gJPMepaRlgm/0e6w8SpWHpn3/cA==",
      "dependencies": [
        "convert-to-spaces"
      ]
    },
    "convert-to-spaces@2.0.1": {
      "integrity": "sha512-rcQ1bsQO9799wq24uE5AM2tAILy4gXGIK/njFWcVQkGNZ96edlpY+A7bjwvzjYvLDyzmG1MmMLZhpcsb+klNMQ=="
    },
    "csstype@3.1.3": {
      "integrity": "sha512-M1uQkMl8rQK/szD0LNhtqxIPLpimGm8sOBwU7lLnCpSbTyY3yeU1Vc7l4KT5zT4s/yOxHH5O7tIuuLOCnLADRw=="
    },
    "dayjs@1.11.13": {
      "integrity": "sha512-oaMBel6gjolK862uaPQOVTA7q3TZhuSvuMQAAglQDOWYO9A91IrAOUJEyKVlqJlHE0vq5p5UXxzdPfMH/x6xNg=="
    },
    "debug@4.4.0": {
      "integrity": "sha512-6WTZ/IxCY/T6BALoZHaE4ctp9xm+Z5kY/pzYaCHRFeyVhojxlrm+46y68HA6hr0TcwEssoxNiDEUJQjfPZ/RYA==",
      "dependencies": [
        "ms"
      ]
    },
    "emoji-regex@10.4.0": {
      "integrity": "sha512-EC+0oUMY1Rqm4O6LLrgjtYDvcVYTy7chDnM4Q7030tP4Kwj3u/pR6gP9ygnp2CJMK5Gq+9Q2oqmrFJAz01DXjw=="
    },
    "environment@1.1.0": {
      "integrity": "sha512-xUtoPkMggbz0MPyPiIWr1Kp4aeWJjDZ6SMvURhimjdZgsRuDplF5/s9hcgGhyXMhs+6vpnuoiZ2kFiu3FMnS8Q=="
    },
    "es-toolkit@1.39.7": {
      "integrity": "sha512-ek/wWryKouBrZIjkwW2BFf91CWOIMvoy2AE5YYgUrfWsJQM2Su1LoLtrw8uusEpN9RfqLlV/0FVNjT0WMv8Bxw=="
    },
    "esbuild-runner@2.2.2_esbuild@0.25.8": {
      "integrity": "sha512-fRFVXcmYVmSmtYm2mL8RlUASt2TDkGh3uRcvHFOKNr/T58VrfVeKD9uT9nlgxk96u0LS0ehS/GY7Da/bXWKkhw==",
      "dependencies": [
        "esbuild",
        "source-map-support",
        "tslib"
      ],
      "bin": true
    },
    "esbuild@0.25.8": {
      "integrity": "sha512-vVC0USHGtMi8+R4Kz8rt6JhEWLxsv9Rnu/lGYbPR8u47B+DCBksq9JarW0zOO7bs37hyOK1l2/oqtbciutL5+Q==",
      "optionalDependencies": [
        "@esbuild/aix-ppc64",
        "@esbuild/android-arm",
        "@esbuild/android-arm64",
        "@esbuild/android-x64",
        "@esbuild/darwin-arm64",
        "@esbuild/darwin-x64",
        "@esbuild/freebsd-arm64",
        "@esbuild/freebsd-x64",
        "@esbuild/linux-arm",
        "@esbuild/linux-arm64",
        "@esbuild/linux-ia32",
        "@esbuild/linux-loong64",
        "@esbuild/linux-mips64el",
        "@esbuild/linux-ppc64",
        "@esbuild/linux-riscv64",
        "@esbuild/linux-s390x",
        "@esbuild/linux-x64",
        "@esbuild/netbsd-arm64",
        "@esbuild/netbsd-x64",
        "@esbuild/openbsd-arm64",
        "@esbuild/openbsd-x64",
        "@esbuild/openharmony-arm64",
        "@esbuild/sunos-x64",
        "@esbuild/win32-arm64",
        "@esbuild/win32-ia32",
        "@esbuild/win32-x64"
      ],
      "scripts": true,
      "bin": true
    },
    "escape-string-regexp@2.0.0": {
      "integrity": "sha512-UpzcLCXolUWcNu5HtVMHYdXJjArjsF9C0aNnquZYY4uW/Vu0miy5YoWvbV345HauVvcAUnpRuhMMcqTcGOY2+w=="
    },
    "get-east-asian-width@1.3.0": {
      "integrity": "sha512-vpeMIQKxczTD/0s2CdEWHcb0eeJe6TFjxb+J5xgX7hScxqrGuyjmv4c1D4A/gelKfyox0gJJwIHF+fLjeaM8kQ=="
    },
    "gps@0.7.4": {
      "integrity": "sha512-7NJE8JCVA2n5Y0+pRcvpi4xW7egYUhzhjqqmhtOG6m8/LrITFGp/8ZqlngJqPa7QobG3gGC+KPbC9NOUq7ErkA=="
    },
    "indent-string@5.0.0": {
      "integrity": "sha512-m6FAo/spmsW2Ab2fU35JTYwtOKa2yAwXSwgjSv1TJzh4Mh7mC3lzAOVLBprb72XsTrgkEIsl7YrFNAiDiRhIGg=="
    },
    "ink@6.0.1_react@19.1.0": {
      "integrity": "sha512-vhhFrCodTHZAPPSdMYzLEbeI0Ug37R9j6yA0kLKok9kSK53lQtj/RJhEQJUjq6OwT4N33nxqSRd/7yXhEhVPIw==",
      "dependencies": [
        "@alcalzone/ansi-tokenize",
        "ansi-escapes",
        "ansi-styles",
        "auto-bind",
        "chalk",
        "cli-boxes",
        "cli-cursor",
        "cli-truncate",
        "code-excerpt",
        "es-toolkit",
        "indent-string",
        "is-in-ci",
        "patch-console",
        "react",
        "react-reconciler",
        "scheduler@0.23.2",
        "signal-exit",
        "slice-ansi@7.1.0",
        "stack-utils",
        "string-width",
        "type-fest",
        "widest-line",
        "wrap-ansi",
        "ws",
        "yoga-layout"
      ]
    },
    "is-fullwidth-code-point@4.0.0": {
      "integrity": "sha512-O4L094N2/dZ7xqVdrXhh9r1KODPJpFms8B5sGdJLPy664AgvXsreZUyCQQNItZRDlYug4xStLjNp/sz3HvBowQ=="
    },
    "is-fullwidth-code-point@5.0.0": {
      "integrity": "sha512-OVa3u9kkBbw7b8Xw5F9P+D/T9X+Z4+JruYVNapTjPYZYUznQ5YfWeFkOj606XYYW8yugTfC8Pj0hYqvi4ryAhA==",
      "dependencies": [
        "get-east-asian-width"
      ]
    },
    "is-in-ci@1.0.0": {
      "integrity": "sha512-eUuAjybVTHMYWm/U+vBO1sY/JOCgoPCXRxzdju0K+K0BiGW0SChEL1MLC0PoCIR1OlPo5YAp8HuQoUlsWEICwg==",
      "bin": true
    },
    "js-tokens@4.0.0": {
      "integrity": "sha512-RdJUflcE3cUzKiMqQgsCu06FPu9UdIJO0beYbPhHN4k6apgJtifcoCtT9bcxOpYBtpD2kCM6Sbzg4CausW/PKQ=="
    },
    "js-yaml@4.1.0": {
      "integrity": "sha512-wpxZs9NoxZaJESJGIZTyDEaYpl0FKSA+FB9aJiyemKhMwkxQg63h4T1KJgUGHpTqPDNRcmmYLugrRjJlBtWvRA==",
      "dependencies": [
        "argparse"
      ],
      "bin": true
    },
    "loose-envify@1.4.0": {
      "integrity": "sha512-lyuxPGr/Wfhrlem2CL/UcnUc1zcqKAImBDzukY7Y5F/yQiNdko6+fRLevlw1HgMySw7f611UIY408EtxRSoK3Q==",
      "dependencies": [
        "js-tokens"
      ],
      "bin": true
    },
    "mimic-fn@2.1.0": {
      "integrity": "sha512-OqbOk5oEQeAZ8WXWydlu9HJjz9WVdEIvamMCcXmuqUYjTknH/sqsWvhQ3vgwKFRR1HpjvNBKQ37nbJgYzGqGcg=="
    },
    "ms@2.1.3": {
      "integrity": "sha512-6FlzubTLZG3J2a/NVCAleEhjzq5oxgHyaCU9yYXvcLsvoVaHJq/s5xXI6/XXP6tz7R9xAOtHnSO/tXtF3WRTlA=="
    },
    "nanoevents@9.1.0": {
      "integrity": "sha512-Jd0fILWG44a9luj8v5kED4WI+zfkkgwKyRQKItTtlPfEsh7Lznfi1kr8/iZ+XAIss4Qq5GqRB0qtWbaz9ceO/A=="
    },
    "node-addon-api@8.3.0": {
      "integrity": "sha512-8VOpLHFrOQlAH+qA0ZzuGRlALRA6/LVh8QJldbrC4DY0hXoMP0l4Acq8TzFC018HztWiRqyCEj2aTWY2UvnJUg=="
    },
    "node-gyp-build@4.8.4": {
      "integrity": "sha512-LA4ZjwlnUblHVgq0oBF3Jl/6h/Nvs5fzBLwdEF4nuxnFdsfajde4WfxtJr3CaiH+F6ewcIB/q4jQ4UzPyid+CQ==",
      "bin": true
    },
    "onetime@5.1.2": {
      "integrity": "sha512-kbpaSSGJTWdAY5KPVeMOKXSrPtr8C8C7wodJbcsd51jRnmD+GZu8Y0VoU6Dm5Z4vWr0Ig/1NKuWRKf7j5aaYSg==",
      "dependencies": [
        "mimic-fn"
      ]
    },
    "patch-console@2.0.0": {
      "integrity": "sha512-0YNdUceMdaQwoKce1gatDScmMo5pu/tfABfnzEqeG0gtTmd7mh/WcwgUjtAeOU7N8nFFlbQBnFK2gXW5fGvmMA=="
    },
    "path-to-regexp@6.3.0": {
      "integrity": "sha512-Yhpw4T9C6hPpgPeA28us07OJeqZ5EzQTkbfwuhsUg0c237RomFoETJgmp2sa3F/41gfLE6G5cqcYwznmeEeOlQ=="
    },
    "react-reconciler@0.32.0_react@19.1.0": {
      "integrity": "sha512-2NPMOzgTlG0ZWdIf3qG+dcbLSoAc/uLfOwckc3ofy5sSK0pLJqnQLpUFxvGcN2rlXSjnVtGeeFLNimCQEj5gOQ==",
      "dependencies": [
        "react",
        "scheduler@0.26.0"
      ]
    },
    "react@19.1.0": {
      "integrity": "sha512-FS+XFBNvn3GTAWq26joslQgWNoFu08F4kl0J4CgdNKADkdSGXQyTCnKteIAJy96Br6YbpEU1LSzV5dYtjMkMDg=="
    },
    "redis@5.6.1_@redis+client@5.6.1": {
      "integrity": "sha512-O9DwAvcBm/lrlkGE0A6gNBtUdA8J9oD9njeLYlLzmm+MGTR7nd7VkpspfXqeXFg3gm89zldDqckyaHhXfhY80g==",
      "dependencies": [
        "@redis/bloom",
        "@redis/client",
        "@redis/json",
        "@redis/search",
        "@redis/time-series"
      ]
    },
    "restore-cursor@4.0.0": {
      "integrity": "sha512-I9fPXU9geO9bHOt9pHHOhOkYerIMsmVaWB0rA2AI9ERh/+x/i7MV5HKBNrg+ljO5eoPVgCcnFuRjJ9uH6I/3eg==",
      "dependencies": [
        "onetime",
        "signal-exit"
      ]
    },
    "scheduler@0.23.2": {
      "integrity": "sha512-UOShsPwz7NrMUqhR6t0hWjFduvOzbtv7toDH1/hIrfRNIDBnnBWd0CwJTGvTpngVlmwGCdP9/Zl/tVrDqcuYzQ==",
      "dependencies": [
        "loose-envify"
      ]
    },
    "scheduler@0.26.0": {
      "integrity": "sha512-NlHwttCI/l5gCPR3D1nNXtWABUmBwvZpEQiD4IXSbIDq8BzLIK/7Ir5gTFSGZDUu37K5cMNp0hFtzO38sC7gWA=="
    },
    "serialport@13.0.0": {
      "integrity": "sha512-PHpnTd8isMGPfFTZNCzOZp9m4mAJSNWle9Jxu6BPTcWq7YXl5qN7tp8Sgn0h+WIGcD6JFz5QDgixC2s4VW7vzg==",
      "dependencies": [
        "@serialport/binding-mock",
        "@serialport/bindings-cpp",
        "@serialport/parser-byte-length",
        "@serialport/parser-cctalk",
        "@serialport/parser-delimiter@13.0.0",
        "@serialport/parser-inter-byte-timeout",
        "@serialport/parser-packet-length",
        "@serialport/parser-readline@13.0.0",
        "@serialport/parser-ready",
        "@serialport/parser-regex",
        "@serialport/parser-slip-encoder",
        "@serialport/parser-spacepacket",
        "@serialport/stream",
        "debug"
      ]
    },
    "signal-exit@3.0.7": {
      "integrity": "sha512-wnD2ZE+l+SPC/uoS0vXeE9L1+0wuaMqKlfz9AMUo38JsyLSBWSFcHR1Rri62LZc12vLr1gb3jl7iwQhgwpAbGQ=="
    },
    "slice-ansi@5.0.0": {
      "integrity": "sha512-FC+lgizVPfie0kkhqUScwRu1O/lF6NOgJmlCgK+/LYxDCTk8sGelYaHDhFcDN+Sn3Cv+3VSa4Byeo+IMCzpMgQ==",
      "dependencies": [
        "ansi-styles",
        "is-fullwidth-code-point@4.0.0"
      ]
    },
    "slice-ansi@7.1.0": {
      "integrity": "sha512-bSiSngZ/jWeX93BqeIAbImyTbEihizcwNjFoRUIY/T1wWQsfsm2Vw1agPKylXvQTU7iASGdHhyqRlqQzfz+Htg==",
      "dependencies": [
        "ansi-styles",
        "is-fullwidth-code-point@5.0.0"
      ]
    },
    "source-map-support@0.5.21": {
      "integrity": "sha512-uBHU3L3czsIyYXKX88fdrGovxdSCoTGDRZ6SYXtSRxLZUzHg5P/66Ht6uoUlHu9EZod+inXhKo3qQgwXUT/y1w==",
      "dependencies": [
        "buffer-from",
        "source-map"
      ]
    },
    "source-map@0.6.1": {
      "integrity": "sha512-UjgapumWlbMhkBgzT7Ykc5YXUT46F0iKu8SGXq0bcwP5dz/h0Plj6enJqjz1Zbq2l5WaqYnrVbwWOWMyF3F47g=="
    },
    "stack-utils@2.0.6": {
      "integrity": "sha512-XlkWvfIm6RmsWtNJx+uqtKLS8eqFbxUg0ZzLXqY0caEy9l7hruX8IpiDnjsLavoBgqCCR71TqWO8MaXYheJ3RQ==",
      "dependencies": [
        "escape-string-regexp"
      ]
    },
    "string-width@7.2.0": {
      "integrity": "sha512-tsaTIkKW9b4N+AEj+SVA+WhJzV7/zMhcSu78mLKWSk7cXMOSHsBKFWUs0fWwq8QyK3MgJBQRX6Gbi4kYbdvGkQ==",
      "dependencies": [
        "emoji-regex",
        "get-east-asian-width",
        "strip-ansi"
      ]
    },
    "strip-ansi@7.1.0": {
      "integrity": "sha512-iq6eVVI64nQQTRYq2KtEg2d2uU7LElhTJwsH4YzIHZshxlgZms/wIc4VoDQTlG/IvVIrBKG06CrZnp0qv7hkcQ==",
      "dependencies": [
        "ansi-regex"
      ]
    },
    "tslib@2.4.0": {
      "integrity": "sha512-d6xOpEDfsi2CZVlPQzGeux8XMwLT9hssAsaPYExaQMuYskwb+x1x7J371tWlbBdWHroy99KnVB6qIkUbs5X3UQ=="
    },
    "type-fest@4.40.1": {
      "integrity": "sha512-9YvLNnORDpI+vghLU/Nf+zSv0kL47KbVJ1o3sKgoTefl6i+zebxbiDQWoe/oWWqPhIgQdRZRT1KA9sCPL810SA=="
    },
    "undici-types@6.21.0": {
      "integrity": "sha512-iwDZqg0QAGrg9Rav5H4n0M64c3mkR59cJ6wQp+7C4nI0gsmExaedaYLNO44eT4AtBBwjbTiGPMlt2Md0T9H9JQ=="
    },
    "valibot@0.31.1": {
      "integrity": "sha512-2YYIhPrnVSz/gfT2/iXVTrSj92HwchCt9Cga/6hX4B26iCz9zkIsGTS0HjDYTZfTi1Un0X6aRvhBi1cfqs/i0Q=="
    },
    "valibot@1.1.0": {
      "integrity": "sha512-Nk8lX30Qhu+9txPYTwM0cFlWLdPFsFr6LblzqIySfbZph9+BFsAHsNvHOymEviUepeIW6KFHzpX8TKhbptBXXw=="
    },
    "widest-line@5.0.0": {
      "integrity": "sha512-c9bZp7b5YtRj2wOe6dlj32MK+Bx/M/d+9VB2SHM1OtsUHR0aV0tdP6DWh/iMt0kWi1t5g1Iudu6hQRNd1A4PVA==",
      "dependencies": [
        "string-width"
      ]
    },
    "wrap-ansi@9.0.0": {
      "integrity": "sha512-G8ura3S+3Z2G+mkgNRq8dqaFZAuxfsxpBB8OCTGRTCtp+l/v9nbFNmCUP1BZMts3G1142MsZfn6eeUKrr4PD1Q==",
      "dependencies": [
        "ansi-styles",
        "string-width",
        "strip-ansi"
      ]
    },
    "ws@8.18.1": {
      "integrity": "sha512-RKW2aJZMXeMxVpnZ6bck+RswznaxmzdULiBr6KY7XkTnW8uvt0iT9H5DkHUChXrc+uurzwa0rVI16n/Xzjdz1w=="
    },
    "yoga-layout@3.2.1": {
      "integrity": "sha512-0LPOt3AxKqMdFBZA3HBAt/t/8vIKq7VaQYbuA8WxCgung+p9TVyKRYdpvCb80HcdTN2NkbIKbhNwKUfm3tQywQ=="
    },
    "zod@3.25.76": {
      "integrity": "sha512-gzUt/qt81nXsFGKIFcC3YnfEAx5NkunCfnDlvuBSSFS02bcXu4Lmea0AFIUwbLWxWPx3d9p8S5QoaujKcNQxcQ=="
    }
  },
  "remote": {
    "https://deno.land/std@0.150.0/_util/assert.ts": "e94f2eb37cebd7f199952e242c77654e43333c1ac4c5c700e929ea3aa5489f74",
    "https://deno.land/std@0.150.0/bytes/bytes_list.ts": "aba5e2369e77d426b10af1de0dcc4531acecec27f9b9056f4f7bfbf8ac147ab4",
    "https://deno.land/std@0.150.0/bytes/equals.ts": "3c3558c3ae85526f84510aa2b48ab2ad7bdd899e2e0f5b7a8ffc85acb3a6043a",
    "https://deno.land/std@0.150.0/bytes/mod.ts": "763f97d33051cc3f28af1a688dfe2830841192a9fea0cbaa55f927b49d49d0bf",
    "https://deno.land/std@0.150.0/fmt/colors.ts": "6f9340b7fb8cc25a993a99e5efc56fe81bb5af284ff412129dd06df06f53c0b4",
    "https://deno.land/std@0.150.0/fs/exists.ts": "cb734d872f8554ea40b8bff77ad33d4143c1187eac621a55bf37781a43c56f6d",
    "https://deno.land/std@0.150.0/io/buffer.ts": "bd0c4bf53db4b4be916ca5963e454bddfd3fcd45039041ea161dbf826817822b",
    "https://deno.land/std@0.150.0/log/handlers.ts": "b88c24df61eaeee8581dbef3622f21aebfd061cd2fda49affc1711c0e54d57da",
    "https://deno.land/std@0.150.0/log/levels.ts": "82c965b90f763b5313e7595d4ba78d5095a13646d18430ebaf547526131604d1",
    "https://deno.land/std@0.150.0/log/logger.ts": "4d25581bc02dfbe3ad7e8bb480e1f221793a85be5e056185a0cea134f7a7fdf4",
    "https://deno.land/std@0.150.0/log/mod.ts": "65d2702785714b8d41061426b5c279f11b3dcbc716f3eb5384372a430af63961",
    "https://deno.land/std@0.150.0/testing/_diff.ts": "029a00560b0d534bc0046f1bce4bd36b3b41ada3f2a3178c85686eb2ff5f1413",
    "https://deno.land/std@0.150.0/testing/_format.ts": "0d8dc79eab15b67cdc532826213bbe05bccfd276ca473a50a3fc7bbfb7260642",
    "https://deno.land/std@0.150.0/testing/_test_suite.ts": "ad453767aeb8c300878a6b7920e20370f4ce92a7b6c8e8a5d1ac2b7c14a09acb",
    "https://deno.land/std@0.150.0/testing/asserts.ts": "0ee58a557ac764e762c62bb21f00e7d897e3919e71be38b2d574fb441d721005",
    "https://deno.land/std@0.150.0/testing/bdd.ts": "182bb823e09bd75b76063ecf50722870101b7cfadf97a09fa29127279dc21128",
    "https://deno.land/std@0.158.0/_util/assert.ts": "e94f2eb37cebd7f199952e242c77654e43333c1ac4c5c700e929ea3aa5489f74",
    "https://deno.land/std@0.158.0/async/deferred.ts": "c01de44b9192359cebd3fe93273fcebf9e95110bf3360023917da9a2d1489fae",
    "https://deno.land/std@0.158.0/async/delay.ts": "0419dfc993752849692d1f9647edf13407c7facc3509b099381be99ffbc9d699",
    "https://deno.land/std@0.158.0/bytes/bytes_list.ts": "aba5e2369e77d426b10af1de0dcc4531acecec27f9b9056f4f7bfbf8ac147ab4",
    "https://deno.land/std@0.158.0/bytes/equals.ts": "3c3558c3ae85526f84510aa2b48ab2ad7bdd899e2e0f5b7a8ffc85acb3a6043a",
    "https://deno.land/std@0.158.0/bytes/mod.ts": "763f97d33051cc3f28af1a688dfe2830841192a9fea0cbaa55f927b49d49d0bf",
    "https://deno.land/std@0.158.0/io/buffer.ts": "fae02290f52301c4e0188670e730cd902f9307fb732d79c4aa14ebdc82497289",
    "https://deno.land/x/socket_io@0.2.1/deps.ts": "2c9c7fd0f00c9f8774a7cbf6bea2e73b274989aacb3ebfbd289a3c1bbe632bcb",
    "https://deno.land/x/socket_io@0.2.1/mod.ts": "29050911ca6f9605623c672238bb209ca37ed23606c596d199e6e33de04168f9",
    "https://deno.land/x/socket_io@0.2.1/packages/engine.io-parser/base64-arraybuffer.ts": "57ccea6679609df5416159fcc8a47936ad28ad6fe32235ef78d9223a3a823407",
    "https://deno.land/x/socket_io@0.2.1/packages/engine.io-parser/mod.ts": "27d35094e2159ba49f6e74f11ed83b6208a6adb5a2d5ab3cbbdcdc9dc0e36ae7",
    "https://deno.land/x/socket_io@0.2.1/packages/engine.io/lib/cors.ts": "e39b530dc3526ef85f288766ce592fa5cce2ec38b3fa19922041a7885b79b67c",
    "https://deno.land/x/socket_io@0.2.1/packages/engine.io/lib/server.ts": "2faf79492858e532ad199c32b565bb04528fa9ea55d167e223dc9d019ef9315f",
    "https://deno.land/x/socket_io@0.2.1/packages/engine.io/lib/socket.ts": "feb50d196decd7b1fc79af2706465cc7b4b8b18ebb7ca3dc8cedadb0a393103e",
    "https://deno.land/x/socket_io@0.2.1/packages/engine.io/lib/transport.ts": "b09c589a099d539cd0b61f7b3be0b9d2d9ba7b8cbafdf4824425176ecf8d89c9",
    "https://deno.land/x/socket_io@0.2.1/packages/engine.io/lib/transports/polling.ts": "5650189f6cd742ec0fd45f8c262105f07463b24e8183da6ffb2bf775baf21395",
    "https://deno.land/x/socket_io@0.2.1/packages/engine.io/lib/transports/websocket.ts": "4a868e73d3b8b207d822d358f14723bd8d1cd80c6926be9c4bf6c4234e8a0d00",
    "https://deno.land/x/socket_io@0.2.1/packages/engine.io/lib/util.ts": "9f396a141422c8a2e2ef4cbb31c8b7ec96665d8f1ca397888eaaa9ad28ca8c65",
    "https://deno.land/x/socket_io@0.2.1/packages/engine.io/mod.ts": "3f7d85ebd3bee6e17838f4867927d808f35090a71e088fd4dd802e3255d44c4a",
    "https://deno.land/x/socket_io@0.2.1/packages/event-emitter/mod.ts": "dcb2cb9c0b409060cf15a6306a8dbebea844aa3c58f782ed1d4bc3ccef7c2835",
    "https://deno.land/x/socket_io@0.2.1/packages/msgpack/lib/decode.ts": "5906fa37474130b09fe308adb53c95e40d2484a015891be3249fb2f626c462bb",
    "https://deno.land/x/socket_io@0.2.1/packages/msgpack/lib/encode.ts": "15dab78be56d539c03748c9d57086f7fd580eb8fbe2f8209c28750948c7d962e",
    "https://deno.land/x/socket_io@0.2.1/packages/msgpack/mod.ts": "c7f4a9859af3e0b23794b400546d93475b19ba5110a02245112a0a994a31d309",
    "https://deno.land/x/socket_io@0.2.1/packages/socket.io-parser/mod.ts": "44479cf563b0ad80efedd1059cd40114bc5db199b45e623c2764e80f4a264f8c",
    "https://deno.land/x/socket_io@0.2.1/packages/socket.io-redis-adapter/mod.ts": "45d6b7f077f94fec385152bda7fda5ac3153c2ca3548cf4859891af673fa97cc",
    "https://deno.land/x/socket_io@0.2.1/packages/socket.io/lib/adapter.ts": "594fbe748497ce346e8b783065cb19b284f27d702ff661d872971d14ccf6cf29",
    "https://deno.land/x/socket_io@0.2.1/packages/socket.io/lib/broadcast-operator.ts": "d842eb933acc996a05ac701f6d83ffee49ee9c905c9adbdee70832776045bf63",
    "https://deno.land/x/socket_io@0.2.1/packages/socket.io/lib/client.ts": "5e5d8e39d58cc5eb14f219e85ae6eef8fe6dd5f685f4c73496531aa48529c2c6",
    "https://deno.land/x/socket_io@0.2.1/packages/socket.io/lib/namespace.ts": "d9ec734c8b45f4204c40382e1d3a8fb4d1b8bffab4bca4d2d69baece0703d4f8",
    "https://deno.land/x/socket_io@0.2.1/packages/socket.io/lib/parent-namespace.ts": "9628cbf54e35bea01956825f557b4a82a37c8f1343423c0e7d952d475bf68ea0",
    "https://deno.land/x/socket_io@0.2.1/packages/socket.io/lib/server.ts": "19b10d05e09e436fda0d8d205ba1ce06bb5877f516176b8148de8a3c26b37688",
    "https://deno.land/x/socket_io@0.2.1/packages/socket.io/lib/socket.ts": "c448032d0f819d40d6dc30eb312c391c5d902eeeeb67bfd4f4f4c3499545eb7e",
    "https://deno.land/x/socket_io@0.2.1/packages/socket.io/mod.ts": "dfd465bdcf23161af0c4d79fb8fc8912418c46a20d15e8b314cec6d9fb508196",
    "https://deno.land/x/socket_io@0.2.1/test_deps.ts": "42e6bff240c54a2d7ade82154f8655650664a65ad9228623a0fdb3d0cde11ef0",
    "https://deno.land/x/socket_io@0.2.1/vendor/deno.land/x/redis@v0.27.1/backoff.ts": "33e4a6e245f8743fbae0ce583993a671a3ac2ecee433a3e7f0bd77b5dd541d84",
    "https://deno.land/x/socket_io@0.2.1/vendor/deno.land/x/redis@v0.27.1/command.ts": "802df3a1f49f6c49fe3e8fcf13fd0cc360b8a02369de0310a72d7f0c8e4ceaab",
    "https://deno.land/x/socket_io@0.2.1/vendor/deno.land/x/redis@v0.27.1/connection.ts": "b325d5b720af8132cd81d6d8b6a2e61936631b36d0dd08907d5421107bf50723",
    "https://deno.land/x/socket_io@0.2.1/vendor/deno.land/x/redis@v0.27.1/errors.ts": "bc8f7091cb9f36cdd31229660e0139350b02c26851e3ac69d592c066745feb27",
    "https://deno.land/x/socket_io@0.2.1/vendor/deno.land/x/redis@v0.27.1/executor.ts": "03e5f43df4e0c9c62b0e1be778811d45b6a1966ddf406e21ed5a227af70b7183",
    "https://deno.land/x/socket_io@0.2.1/vendor/deno.land/x/redis@v0.27.1/mod.ts": "20908f005f5c102525ce6aa9261648c95c5f61c6cf782b2cbb2fce88b1220f69",
    "https://deno.land/x/socket_io@0.2.1/vendor/deno.land/x/redis@v0.27.1/pipeline.ts": "80cc26a881149264d51dd019f1044c4ec9012399eca9f516057dc81c9b439370",
    "https://deno.land/x/socket_io@0.2.1/vendor/deno.land/x/redis@v0.27.1/protocol/_util.ts": "0525f7f444a96b92cd36423abdfe221f8d8de4a018dc5cb6750a428a5fc897c2",
    "https://deno.land/x/socket_io@0.2.1/vendor/deno.land/x/redis@v0.27.1/protocol/command.ts": "b1efd3b62fe5d1230e6d96b5c65ba7de1592a1eda2cc927161e5997a15f404ac",
    "https://deno.land/x/socket_io@0.2.1/vendor/deno.land/x/redis@v0.27.1/protocol/mod.ts": "f2601df31d8adc71785b5d19f6a7e43dfce94adbb6735c4dafc1fb129169d11a",
    "https://deno.land/x/socket_io@0.2.1/vendor/deno.land/x/redis@v0.27.1/protocol/reply.ts": "beac2061b03190bada179aef1a5d92b47a5104d9835e8c7468a55c24812ae9e4",
    "https://deno.land/x/socket_io@0.2.1/vendor/deno.land/x/redis@v0.27.1/protocol/types.ts": "40b0a568cb7fd4dc9107997062584d24e5c6ffa1f21acb6410aa19c92f89e9e1",
    "https://deno.land/x/socket_io@0.2.1/vendor/deno.land/x/redis@v0.27.1/pubsub.ts": "324b87dae0700e4cb350780ce3ae5bc02780f79f3de35e01366b894668b016c6",
    "https://deno.land/x/socket_io@0.2.1/vendor/deno.land/x/redis@v0.27.1/redis.ts": "a5c2cf8c72e7c92c9c8c6911f98227062649f6cba966938428c5414200f3aa54",
    "https://deno.land/x/socket_io@0.2.1/vendor/deno.land/x/redis@v0.27.1/stream.ts": "f116d73cfe04590ff9fa8a3c08be8ff85219d902ef2f6929b8c1e88d92a07810",
    "https://deno.land/x/socket_io@0.2.1/vendor/deno.land/x/redis@v0.27.1/vendor/https/deno.land/std/async/deferred.ts": "7391210927917113e04247ef013d800d54831f550e9a0b439244675c56058c55",
    "https://deno.land/x/socket_io@0.2.1/vendor/deno.land/x/redis@v0.27.1/vendor/https/deno.land/std/async/delay.ts": "c7e2604f7cb5ef00d595de8dd600604902d5be03a183b515b3d6d4bbb48e1700",
    "https://deno.land/x/socket_io@0.2.1/vendor/deno.land/x/redis@v0.27.1/vendor/https/deno.land/std/io/buffer.ts": "8c5f84b7ecf71bc3e12aa299a9fae9e72e495db05281fcdd62006ecd3c5ed3f3"
  },
  "workspace": {
    "dependencies": [
      "jsr:@cliffy/command@^1.0.0-rc.7",
      "jsr:@cliffy/prompt@^1.0.0-rc.7",
      "jsr:@oak/oak@*",
      "jsr:@std/assert@1",
      "jsr:@std/cli@^1.0.20",
      "jsr:@std/streams@^1.0.9",
      "npm:@coremarine/nmea-parser@^2.1.3",
      "npm:@types/react@19",
      "npm:dayjs@^1.11.13",
      "npm:gps@~0.7.4",
      "npm:ink@^6.0.1",
      "npm:nanoevents@^9.1.0",
      "npm:react@*",
      "npm:react@^19.1.0",
      "npm:redis@^5.6.1",
      "npm:serialport@13"
    ]
  }
}
